// !$*UTF8*$!
{
	archiveVersion = 1;
	classes = {
	};
	objectVersion = 46;
	objects = {

/* Begin PBXBuildFile section */
		6563A87A1D4F235100BE037A /* AppDelegate.swift in Sources */ = {isa = PBXBuildFile; fileRef = 6563A8791D4F235100BE037A /* AppDelegate.swift */; };
		6563A87C1D4F235100BE037A /* ViewController.swift in Sources */ = {isa = PBXBuildFile; fileRef = 6563A87B1D4F235100BE037A /* ViewController.swift */; };
		6563A87F1D4F235100BE037A /* Main.storyboard in Resources */ = {isa = PBXBuildFile; fileRef = 6563A87D1D4F235100BE037A /* Main.storyboard */; };
		6563A8821D4F235100BE037A /* Loginapp.xcdatamodeld in Sources */ = {isa = PBXBuildFile; fileRef = 6563A8801D4F235100BE037A /* Loginapp.xcdatamodeld */; };
		6563A8841D4F235100BE037A /* Assets.xcassets in Resources */ = {isa = PBXBuildFile; fileRef = 6563A8831D4F235100BE037A /* Assets.xcassets */; };
		6563A8871D4F235100BE037A /* LaunchScreen.storyboard in Resources */ = {isa = PBXBuildFile; fileRef = 6563A8851D4F235100BE037A /* LaunchScreen.storyboard */; };
		6563A8921D4F235100BE037A /* LoginappTests.swift in Sources */ = {isa = PBXBuildFile; fileRef = 6563A8911D4F235100BE037A /* LoginappTests.swift */; };
		6563A89D1D4F235100BE037A /* LoginappUITests.swift in Sources */ = {isa = PBXBuildFile; fileRef = 6563A89C1D4F235100BE037A /* LoginappUITests.swift */; };
/* End PBXBuildFile section */

/* Begin PBXContainerItemProxy section */
		6563A88E1D4F235100BE037A /* PBXContainerItemProxy */ = {
			isa = PBXContainerItemProxy;
			containerPortal = 6563A86E1D4F235000BE037A /* Project object */;
			proxyType = 1;
			remoteGlobalIDString = 6563A8751D4F235000BE037A;
			remoteInfo = Loginapp;
		};
		6563A8991D4F235100BE037A /* PBXContainerItemProxy */ = {
			isa = PBXContainerItemProxy;
			containerPortal = 6563A86E1D4F235000BE037A /* Project object */;
			proxyType = 1;
			remoteGlobalIDString = 6563A8751D4F235000BE037A;
			remoteInfo = Loginapp;
		};
/* End PBXContainerItemProxy section */

/* Begin PBXFileReference section */
		6563A8761D4F235000BE037A /* Loginapp.app */ = {isa = PBXFileReference; explicitFileType = wrapper.application; includeInIndex = 0; path = Loginapp.app; sourceTree = BUILT_PRODUCTS_DIR; };
		6563A8791D4F235100BE037A /* AppDelegate.swift */ = {isa = PBXFileReference; lastKnownFileType = sourcecode.swift; path = AppDelegate.swift; sourceTree = "<group>"; };
		6563A87B1D4F235100BE037A /* ViewController.swift */ = {isa = PBXFileReference; lastKnownFileType = sourcecode.swift; path = ViewController.swift; sourceTree = "<group>"; };
		6563A87E1D4F235100BE037A /* Base */ = {isa = PBXFileReference; lastKnownFileType = file.storyboard; name = Base; path = Base.lproj/Main.storyboard; sourceTree = "<group>"; };
		6563A8811D4F235100BE037A /* Loginapp.xcdatamodel */ = {isa = PBXFileReference; lastKnownFileType = wrapper.xcdatamodel; path = Loginapp.xcdatamodel; sourceTree = "<group>"; };
		6563A8831D4F235100BE037A /* Assets.xcassets */ = {isa = PBXFileReference; lastKnownFileType = folder.assetcatalog; path = Assets.xcassets; sourceTree = "<group>"; };
		6563A8861D4F235100BE037A /* Base */ = {isa = PBXFileReference; lastKnownFileType = file.storyboard; name = Base; path = Base.lproj/LaunchScreen.storyboard; sourceTree = "<group>"; };
		6563A8881D4F235100BE037A /* Info.plist */ = {isa = PBXFileReference; lastKnownFileType = text.plist.xml; path = Info.plist; sourceTree = "<group>"; };
		6563A88D1D4F235100BE037A /* LoginappTests.xctest */ = {isa = PBXFileReference; explicitFileType = wrapper.cfbundle; includeInIndex = 0; path = LoginappTests.xctest; sourceTree = BUILT_PRODUCTS_DIR; };
		6563A8911D4F235100BE037A /* LoginappTests.swift */ = {isa = PBXFileReference; lastKnownFileType = sourcecode.swift; path = LoginappTests.swift; sourceTree = "<group>"; };
		6563A8931D4F235100BE037A /* Info.plist */ = {isa = PBXFileReference; lastKnownFileType = text.plist.xml; path = Info.plist; sourceTree = "<group>"; };
		6563A8981D4F235100BE037A /* LoginappUITests.xctest */ = {isa = PBXFileReference; explicitFileType = wrapper.cfbundle; includeInIndex = 0; path = LoginappUITests.xctest; sourceTree = BUILT_PRODUCTS_DIR; };
		6563A89C1D4F235100BE037A /* LoginappUITests.swift */ = {isa = PBXFileReference; lastKnownFileType = sourcecode.swift; path = LoginappUITests.swift; sourceTree = "<group>"; };
		6563A89E1D4F235100BE037A /* Info.plist */ = {isa = PBXFileReference; lastKnownFileType = text.plist.xml; path = Info.plist; sourceTree = "<group>"; };
/* End PBXFileReference section */

/* Begin PBXFrameworksBuildPhase section */
		6563A8731D4F235000BE037A /* Frameworks */ = {
			isa = PBXFrameworksBuildPhase;
			buildActionMask = 2147483647;
			files = (
			);
			runOnlyForDeploymentPostprocessing = 0;
		};
		6563A88A1D4F235100BE037A /* Frameworks */ = {
			isa = PBXFrameworksBuildPhase;
			buildActionMask = 2147483647;
			files = (
			);
			runOnlyForDeploymentPostprocessing = 0;
		};
		6563A8951D4F235100BE037A /* Frameworks */ = {
			isa = PBXFrameworksBuildPhase;
			buildActionMask = 2147483647;
			files = (
			);
			runOnlyForDeploymentPostprocessing = 0;
		};
/* End PBXFrameworksBuildPhase section */

/* Begin PBXGroup section */
		6563A86D1D4F235000BE037A = {
			isa = PBXGroup;
			children = (
				6563A8781D4F235000BE037A /* Loginapp */,
				6563A8901D4F235100BE037A /* LoginappTests */,
				6563A89B1D4F235100BE037A /* LoginappUITests */,
				6563A8771D4F235000BE037A /* Products */,
			);
			sourceTree = "<group>";
		};
		6563A8771D4F235000BE037A /* Products */ = {
			isa = PBXGroup;
			children = (
				6563A8761D4F235000BE037A /* Loginapp.app */,
				6563A88D1D4F235100BE037A /* LoginappTests.xctest */,
				6563A8981D4F235100BE037A /* LoginappUITests.xctest */,
			);
			name = Products;
			sourceTree = "<group>";
		};
		6563A8781D4F235000BE037A /* Loginapp */ = {
			isa = PBXGroup;
			children = (
				6563A8791D4F235100BE037A /* AppDelegate.swift */,
				6563A87B1D4F235100BE037A /* ViewController.swift */,
				6563A87D1D4F235100BE037A /* Main.storyboard */,
				6563A8831D4F235100BE037A /* Assets.xcassets */,
				6563A8851D4F235100BE037A /* LaunchScreen.storyboard */,
				6563A8881D4F235100BE037A /* Info.plist */,
				6563A8801D4F235100BE037A /* Loginapp.xcdatamodeld */,
			);
			path = Loginapp;
			sourceTree = "<group>";
		};
		6563A8901D4F235100BE037A /* LoginappTests */ = {
			isa = PBXGroup;
			children = (
				6563A8911D4F235100BE037A /* LoginappTests.swift */,
				6563A8931D4F235100BE037A /* Info.plist */,
			);
			path = LoginappTests;
			sourceTree = "<group>";
		};
		6563A89B1D4F235100BE037A /* LoginappUITests */ = {
			isa = PBXGroup;
			children = (
				6563A89C1D4F235100BE037A /* LoginappUITests.swift */,
				6563A89E1D4F235100BE037A /* Info.plist */,
			);
			path = LoginappUITests;
			sourceTree = "<group>";
		};
/* End PBXGroup section */

/* Begin PBXNativeTarget section */
		6563A8751D4F235000BE037A /* Loginapp */ = {
			isa = PBXNativeTarget;
			buildConfigurationList = 6563A8A11D4F235100BE037A /* Build configuration list for PBXNativeTarget "Loginapp" */;
			buildPhases = (
				6563A8721D4F235000BE037A /* Sources */,
				6563A8731D4F235000BE037A /* Frameworks */,
				6563A8741D4F235000BE037A /* Resources */,
			);
			buildRules = (
			);
			dependencies = (
			);
			name = Loginapp;
			productName = Loginapp;
			productReference = 6563A8761D4F235000BE037A /* Loginapp.app */;
			productType = "com.apple.product-type.application";
		};
		6563A88C1D4F235100BE037A /* LoginappTests */ = {
			isa = PBXNativeTarget;
			buildConfigurationList = 6563A8A41D4F235100BE037A /* Build configuration list for PBXNativeTarget "LoginappTests" */;
			buildPhases = (
				6563A8891D4F235100BE037A /* Sources */,
				6563A88A1D4F235100BE037A /* Frameworks */,
				6563A88B1D4F235100BE037A /* Resources */,
			);
			buildRules = (
			);
			dependencies = (
				6563A88F1D4F235100BE037A /* PBXTargetDependency */,
			);
			name = LoginappTests;
			productName = LoginappTests;
			productReference = 6563A88D1D4F235100BE037A /* LoginappTests.xctest */;
			productType = "com.apple.product-type.bundle.unit-test";
		};
		6563A8971D4F235100BE037A /* LoginappUITests */ = {
			isa = PBXNativeTarget;
			buildConfigurationList = 6563A8A71D4F235100BE037A /* Build configuration list for PBXNativeTarget "LoginappUITests" */;
			buildPhases = (
				6563A8941D4F235100BE037A /* Sources */,
				6563A8951D4F235100BE037A /* Frameworks */,
				6563A8961D4F235100BE037A /* Resources */,
			);
			buildRules = (
			);
			dependencies = (
				6563A89A1D4F235100BE037A /* PBXTargetDependency */,
			);
			name = LoginappUITests;
			productName = LoginappUITests;
			productReference = 6563A8981D4F235100BE037A /* LoginappUITests.xctest */;
			productType = "com.apple.product-type.bundle.ui-testing";
		};
/* End PBXNativeTarget section */

/* Begin PBXProject section */
		6563A86E1D4F235000BE037A /* Project object */ = {
			isa = PBXProject;
			attributes = {
				LastSwiftUpdateCheck = 0730;
				LastUpgradeCheck = 0730;
				ORGANIZATIONNAME = JAICHANGPARK;
				TargetAttributes = {
					6563A8751D4F235000BE037A = {
						CreatedOnToolsVersion = 7.3.1;
						DevelopmentTeam = CRL4M69C8S;
					};
					6563A88C1D4F235100BE037A = {
						CreatedOnToolsVersion = 7.3.1;
						DevelopmentTeam = CRL4M69C8S;
						TestTargetID = 6563A8751D4F235000BE037A;
					};
					6563A8971D4F235100BE037A = {
						CreatedOnToolsVersion = 7.3.1;
						DevelopmentTeam = CRL4M69C8S;
						TestTargetID = 6563A8751D4F235000BE037A;
					};
				};
			};
			buildConfigurationList = 6563A8711D4F235000BE037A /* Build configuration list for PBXProject "Loginapp" */;
			compatibilityVersion = "Xcode 3.2";
			developmentRegion = English;
			hasScannedForEncodings = 0;
			knownRegions = (
				en,
				Base,
			);
			mainGroup = 6563A86D1D4F235000BE037A;
			productRefGroup = 6563A8771D4F235000BE037A /* Products */;
			projectDirPath = "";
			projectRoot = "";
			targets = (
				6563A8751D4F235000BE037A /* Loginapp */,
				6563A88C1D4F235100BE037A /* LoginappTests */,
				6563A8971D4F235100BE037A /* LoginappUITests */,
			);
		};
/* End PBXProject section */

/* Begin PBXResourcesBuildPhase section */
		6563A8741D4F235000BE037A /* Resources */ = {
			isa = PBXResourcesBuildPhase;
			buildActionMask = 2147483647;
			files = (
				6563A8871D4F235100BE037A /* LaunchScreen.storyboard in Resources */,
				6563A8841D4F235100BE037A /* Assets.xcassets in Resources */,
				6563A87F1D4F235100BE037A /* Main.storyboard in Resources */,
			);
			runOnlyForDeploymentPostprocessing = 0;
		};
		6563A88B1D4F235100BE037A /* Resources */ = {
			isa = PBXResourcesBuildPhase;
			buildActionMask = 2147483647;
			files = (
			);
			runOnlyForDeploymentPostprocessing = 0;
		};
		6563A8961D4F235100BE037A /* Resources */ = {
			isa = PBXResourcesBuildPhase;
			buildActionMask = 2147483647;
			files = (
			);
			runOnlyForDeploymentPostprocessing = 0;
		};
/* End PBXResourcesBuildPhase section */

/* Begin PBXSourcesBuildPhase section */
		6563A8721D4F235000BE037A /* Sources */ = {
			isa = PBXSourcesBuildPhase;
			buildActionMask = 2147483647;
			files = (
				6563A87C1D4F235100BE037A /* ViewController.swift in Sources */,
				6563A8821D4F235100BE037A /* Loginapp.xcdatamodeld in Sources */,
				6563A87A1D4F235100BE037A /* AppDelegate.swift in Sources */,
			);
			runOnlyForDeploymentPostprocessing = 0;
		};
		6563A8891D4F235100BE037A /* Sources */ = {
			isa = PBXSourcesBuildPhase;
			buildActionMask = 2147483647;
			files = (
				6563A8921D4F235100BE037A /* LoginappTests.swift in Sources */,
			);
			runOnlyForDeploymentPostprocessing = 0;
		};
		6563A8941D4F235100BE037A /* Sources */ = {
			isa = PBXSourcesBuildPhase;
			buildActionMask = 2147483647;
			files = (
				6563A89D1D4F235100BE037A /* LoginappUITests.swift in Sources */,
			);
			runOnlyForDeploymentPostprocessing = 0;
		};
/* End PBXSourcesBuildPhase section */

/* Begin PBXTargetDependency section */
		6563A88F1D4F235100BE037A /* PBXTargetDependency */ = {
			isa = PBXTargetDependency;
			target = 6563A8751D4F235000BE037A /* Loginapp */;
			targetProxy = 6563A88E1D4F235100BE037A /* PBXContainerItemProxy */;
		};
		6563A89A1D4F235100BE037A /* PBXTargetDependency */ = {
			isa = PBXTargetDependency;
			target = 6563A8751D4F235000BE037A /* Loginapp */;
			targetProxy = 6563A8991D4F235100BE037A /* PBXContainerItemProxy */;
		};
/* End PBXTargetDependency section */

/* Begin PBXVariantGroup section */
		6563A87D1D4F235100BE037A /* Main.storyboard */ = {
			isa = PBXVariantGroup;
			children = (
				6563A87E1D4F235100BE037A /* Base */,
			);
			name = Main.storyboard;
			sourceTree = "<group>";
		};
		6563A8851D4F235100BE037A /* LaunchScreen.storyboard */ = {
			isa = PBXVariantGroup;
			children = (
				6563A8861D4F235100BE037A /* Base */,
			);
			name = LaunchScreen.storyboard;
			sourceTree = "<group>";
		};
/* End PBXVariantGroup section */

/* Begin XCBuildConfiguration section */
		6563A89F1D4F235100BE037A /* Debug */ = {
			isa = XCBuildConfiguration;
			buildSettings = {
				ALWAYS_SEARCH_USER_PATHS = NO;
				CLANG_ANALYZER_NONNULL = YES;
				CLANG_CXX_LANGUAGE_STANDARD = "gnu++0x";
				CLANG_CXX_LIBRARY = "libc++";
				CLANG_ENABLE_MODULES = YES;
				CLANG_ENABLE_OBJC_ARC = YES;
				CLANG_WARN_BOOL_CONVERSION = YES;
				CLANG_WARN_CONSTANT_CONVERSION = YES;
				CLANG_WARN_DIRECT_OBJC_ISA_USAGE = YES_ERROR;
				CLANG_WARN_EMPTY_BODY = YES;
				CLANG_WARN_ENUM_CONVERSION = YES;
				CLANG_WARN_INT_CONVERSION = YES;
				CLANG_WARN_OBJC_ROOT_CLASS = YES_ERROR;
				CLANG_WARN_UNREACHABLE_CODE = YES;
				CLANG_WARN__DUPLICATE_METHOD_MATCH = YES;
				"CODE_SIGN_IDENTITY[sdk=iphoneos*]" = "iPhone Developer";
				COPY_PHASE_STRIP = NO;
				DEBUG_INFORMATION_FORMAT = dwarf;
				ENABLE_STRICT_OBJC_MSGSEND = YES;
				ENABLE_TESTABILITY = YES;
				GCC_C_LANGUAGE_STANDARD = gnu99;
				GCC_DYNAMIC_NO_PIC = NO;
				GCC_NO_COMMON_BLOCKS = YES;
				GCC_OPTIMIZATION_LEVEL = 0;
				GCC_PREPROCESSOR_DEFINITIONS = (
					"DEBUG=1",
					"$(inherited)",
				);
				GCC_WARN_64_TO_32_BIT_CONVERSION = YES;
				GCC_WARN_ABOUT_RETURN_TYPE = YES_ERROR;
				GCC_WARN_UNDECLARED_SELECTOR = YES;
				GCC_WARN_UNINITIALIZED_AUTOS = YES_AGGRESSIVE;
				GCC_WARN_UNUSED_FUNCTION = YES;
				GCC_WARN_UNUSED_VARIABLE = YES;
				IPHONEOS_DEPLOYMENT_TARGET = 9.3;
				MTL_ENABLE_DEBUG_INFO = YES;
				ONLY_ACTIVE_ARCH = YES;
				SDKROOT = iphoneos;
				SWIFT_OPTIMIZATION_LEVEL = "-Onone";
				TARGETED_DEVICE_FAMILY = "1,2";
			};
			name = Debug;
		};
		6563A8A01D4F235100BE037A /* Release */ = {
			isa = XCBuildConfiguration;
			buildSettings = {
				ALWAYS_SEARCH_USER_PATHS = NO;
				CLANG_ANALYZER_NONNULL = YES;
				CLANG_CXX_LANGUAGE_STANDARD = "gnu++0x";
				CLANG_CXX_LIBRARY = "libc++";
				CLANG_ENABLE_MODULES = YES;
				CLANG_ENABLE_OBJC_ARC = YES;
				CLANG_WARN_BOOL_CONVERSION = YES;
				CLANG_WARN_CONSTANT_CONVERSION = YES;
				CLANG_WARN_DIRECT_OBJC_ISA_USAGE = YES_ERROR;
				CLANG_WARN_EMPTY_BODY = YES;
				CLANG_WARN_ENUM_CONVERSION = YES;
				CLANG_WARN_INT_CONVERSION = YES;
				CLANG_WARN_OBJC_ROOT_CLASS = YES_ERROR;
				CLANG_WARN_UNREACHABLE_CODE = YES;
				CLANG_WARN__DUPLICATE_METHOD_MATCH = YES;
				"CODE_SIGN_IDENTITY[sdk=iphoneos*]" = "iPhone Developer";
				COPY_PHASE_STRIP = NO;
				DEBUG_INFORMATION_FORMAT = "dwarf-with-dsym";
				ENABLE_NS_ASSERTIONS = NO;
				ENABLE_STRICT_OBJC_MSGSEND = YES;
				GCC_C_LANGUAGE_STANDARD = gnu99;
				GCC_NO_COMMON_BLOCKS = YES;
				GCC_WARN_64_TO_32_BIT_CONVERSION = YES;
				GCC_WARN_ABOUT_RETURN_TYPE = YES_ERROR;
				GCC_WARN_UNDECLARED_SELECTOR = YES;
				GCC_WARN_UNINITIALIZED_AUTOS = YES_AGGRESSIVE;
				GCC_WARN_UNUSED_FUNCTION = YES;
				GCC_WARN_UNUSED_VARIABLE = YES;
				IPHONEOS_DEPLOYMENT_TARGET = 9.3;
				MTL_ENABLE_DEBUG_INFO = NO;
				SDKROOT = iphoneos;
				TARGETED_DEVICE_FAMILY = "1,2";
				VALIDATE_PRODUCT = YES;
			};
			name = Release;
		};
		6563A8A21D4F235100BE037A /* Debug */ = {
			isa = XCBuildConfiguration;
			buildSettings = {
				ASSETCATALOG_COMPILER_APPICON_NAME = AppIcon;
				INFOPLIST_FILE = Loginapp/Info.plist;
				LD_RUNPATH_SEARCH_PATHS = "$(inherited) @executable_path/Frameworks";
				PRODUCT_BUNDLE_IDENTIFIER = DreamWalker.Loginapp;
				PRODUCT_NAME = "$(TARGET_NAME)";
			};
			name = Debug;
		};
		6563A8A31D4F235100BE037A /* Release */ = {
			isa = XCBuildConfiguration;
			buildSettings = {
				ASSETCATALOG_COMPILER_APPICON_NAME = AppIcon;
				INFOPLIST_FILE = Loginapp/Info.plist;
				LD_RUNPATH_SEARCH_PATHS = "$(inherited) @executable_path/Frameworks";
				PRODUCT_BUNDLE_IDENTIFIER = DreamWalker.Loginapp;
				PRODUCT_NAME = "$(TARGET_NAME)";
			};
			name = Release;
		};
		6563A8A51D4F235100BE037A /* Debug */ = {
			isa = XCBuildConfiguration;
			buildSettings = {
				BUNDLE_LOADER = "$(TEST_HOST)";
				INFOPLIST_FILE = LoginappTests/Info.plist;
				LD_RUNPATH_SEARCH_PATHS = "$(inherited) @executable_path/Frameworks @loader_path/Frameworks";
				PRODUCT_BUNDLE_IDENTIFIER = DreamWalker.LoginappTests;
				PRODUCT_NAME = "$(TARGET_NAME)";
				TEST_HOST = "$(BUILT_PRODUCTS_DIR)/Loginapp.app/Loginapp";
			};
			name = Debug;
		};
		6563A8A61D4F235100BE037A /* Release */ = {
			isa = XCBuildConfiguration;
			buildSettings = {
				BUNDLE_LOADER = "$(TEST_HOST)";
				INFOPLIST_FILE = LoginappTests/Info.plist;
				LD_RUNPATH_SEARCH_PATHS = "$(inherited) @executable_path/Frameworks @loader_path/Frameworks";
				PRODUCT_BUNDLE_IDENTIFIER = DreamWalker.LoginappTests;
				PRODUCT_NAME = "$(TARGET_NAME)";
				TEST_HOST = "$(BUILT_PRODUCTS_DIR)/Loginapp.app/Loginapp";
			};
			name = Release;
		};
		6563A8A81D4F235100BE037A /* Debug */ = {
			isa = XCBuildConfiguration;
			buildSettings = {
				INFOPLIST_FILE = LoginappUITests/Info.plist;
				LD_RUNPATH_SEARCH_PATHS = "$(inherited) @executable_path/Frameworks @loader_path/Frameworks";
				PRODUCT_BUNDLE_IDENTIFIER = DreamWalker.LoginappUITests;
				PRODUCT_NAME = "$(TARGET_NAME)";
				TEST_TARGET_NAME = Loginapp;
			};
			name = Debug;
		};
		6563A8A91D4F235100BE037A /* Release */ = {
			isa = XCBuildConfiguration;
			buildSettings = {
				INFOPLIST_FILE = LoginappUITests/Info.plist;
				LD_RUNPATH_SEARCH_PATHS = "$(inherited) @executable_path/Frameworks @loader_path/Frameworks";
				PRODUCT_BUNDLE_IDENTIFIER = DreamWalker.LoginappUITests;
				PRODUCT_NAME = "$(TARGET_NAME)";
				TEST_TARGET_NAME = Loginapp;
			};
			name = Release;
		};
/* End XCBuildConfiguration section */

/* Begin XCConfigurationList section */
		6563A8711D4F235000BE037A /* Build configuration list for PBXProject "Loginapp" */ = {
			isa = XCConfigurationList;
			buildConfigurations = (
				6563A89F1D4F235100BE037A /* Debug */,
				6563A8A01D4F235100BE037A /* Release */,
			);
			defaultConfigurationIsVisible = 0;
			defaultConfigurationName = Release;
		};
		6563A8A11D4F235100BE037A /* Build configuration list for PBXNativeTarget "Loginapp" */ = {
			isa = XCConfigurationList;
			buildConfigurations = (
				6563A8A21D4F235100BE037A /* Debug */,
				6563A8A31D4F235100BE037A /* Release */,
			);
			defaultConfigurationIsVisible = 0;
		};
		6563A8A41D4F235100BE037A /* Build configuration list for PBXNativeTarget "LoginappTests" */ = {
			isa = XCConfigurationList;
			buildConfigurations = (
				6563A8A51D4F235100BE037A /* Debug */,
				6563A8A61D4F235100BE037A /* Release */,
			);
			defaultConfigurationIsVisible = 0;
		};
		6563A8A71D4F235100BE037A /* Build configuration list for PBXNativeTarget "LoginappUITests" */ = {
			isa = XCConfigurationList;
			buildConfigurations = (
				6563A8A81D4F235100BE037A /* Debug */,
				6563A8A91D4F235100BE037A /* Release */,
			);
			defaultConfigurationIsVisible = 0;
		};
/* End XCConfigurationList section */

/* Begin XCVersionGroup section */
		6563A8801D4F235100BE037A /* Loginapp.xcdatamodeld */ = {
			isa = XCVersionGroup;
			children = (
				6563A8811D4F235100BE037A /* Loginapp.xcdatamodel */,
			);
			currentVersion = 6563A8811D4F235100BE037A /* Loginapp.xcdatamodel */;
			path = Loginapp.xcdatamodeld;
			sourceTree = "<group>";
			versionGroupType = wrapper.xcdatamodel;
		};
/* End XCVersionGroup section */
	};
	rootObject = 6563A86E1D4F235000BE037A /* Project object */;
}
